
Microsoft Visual Studio Solution File, Format Version 12.00
# Visual Studio Version 17
VisualStudioVersion = 17.11.35312.102
MinimumVisualStudioVersion = 10.0.40219.1
Project("{9A19103F-16F7-4668-BE54-9A1E7A4F7556}") = "ActorApp", "ActorApp\ActorApp.csproj", "{B8D73C44-2294-442E-9D7A-AEC7B488907D}"
EndProject
Project("{FAE04EC0-301F-11D3-BF4B-00C04F79EFBC}") = "PiCalculator", "PiCalculator\PiCalculator.csproj", "{F9D9538A-CE3C-4DCF-8781-020BACF512D8}"
EndProject
Global
	GlobalSection(SolutionConfigurationPlatforms) = preSolution
		Debug|Any CPU = Debug|Any CPU
		Release|Any CPU = Release|Any CPU
	EndGlobalSection
	GlobalSection(ProjectConfigurationPlatforms) = postSolution
		{B8D73C44-2294-442E-9D7A-AEC7B488907D}.Debug|Any CPU.ActiveCfg = Debug|Any CPU
		{B8D73C44-2294-442E-9D7A-AEC7B488907D}.Debug|Any CPU.Build.0 = Debug|Any CPU
		{B8D73C44-2294-442E-9D7A-AEC7B488907D}.Release|Any CPU.ActiveCfg = Release|Any CPU
		{B8D73C44-2294-442E-9D7A-AEC7B488907D}.Release|Any CPU.Build.0 = Release|Any CPU
		{F9D9538A-CE3C-4DCF-8781-020BACF512D8}.Debug|Any CPU.ActiveCfg = Debug|Any CPU
		{F9D9538A-CE3C-4DCF-8781-020BACF512D8}.Debug|Any CPU.Build.0 = Debug|Any CPU
		{F9D9538A-CE3C-4DCF-8781-020BACF512D8}.Release|Any CPU.ActiveCfg = Release|Any CPU
		{F9D9538A-CE3C-4DCF-8781-020BACF512D8}.Release|Any CPU.Build.0 = Release|Any CPU
	EndGlobalSection
	GlobalSection(SolutionProperties) = preSolution
		HideSolutionNode = FALSE
	EndGlobalSection
	GlobalSection(ExtensibilityGlobals) = postSolution
		SolutionGuid = {F6B046F9-F8EC-421D-8BCD-45BE4E7837CE}
	EndGlobalSection
EndGlobal
